
Microsoft Visual Studio Solution File, Format Version 12.00
# Visual Studio Version 17
VisualStudioVersion = 17.4.33213.308
MinimumVisualStudioVersion = 10.0.40219.1
Project("{2150E333-8FDC-42A3-9474-1A3956D46DE8}") = "src", "src", "{B470E17B-E622-4AF2-AA43-1643411A6545}"
EndProject
Project("{2150E333-8FDC-42A3-9474-1A3956D46DE8}") = "Builder Blocks", "Builder Blocks", "{D683F8C7-8F68-4F94-A846-F85CE0507C0F}"
EndProject
Project("{2150E333-8FDC-42A3-9474-1A3956D46DE8}") = "Services", "Services", "{E9CEC495-5896-46DA-9228-719AF55AD040}"
EndProject
Project("{2150E333-8FDC-42A3-9474-1A3956D46DE8}") = "Web", "Web", "{5112B5C0-33C2-46CC-BCDF-7A40A66D9016}"
EndProject
Project("{2150E333-8FDC-42A3-9474-1A3956D46DE8}") = "Identidade", "Identidade", "{B0B46047-6D2E-4DD3-9B0A-DDF103F6BBEB}"
EndProject
Project("{9A19103F-16F7-4668-BE54-9A1E7A4F7556}") = "NSE.Identidade.API", "src\services\NSE.Identidade.API\NSE.Identidade.API.csproj", "{246D57FB-CFE7-4486-AED1-1B9A9576CF3D}"
EndProject
Project("{2150E333-8FDC-42A3-9474-1A3956D46DE8}") = "MVC", "MVC", "{CF5C4354-3995-45E8-B264-2D8EC42E3893}"
EndProject
Project("{9A19103F-16F7-4668-BE54-9A1E7A4F7556}") = "NSE.WebApp.MVC", "src\web\NSE.WebApp.MVC\NSE.WebApp.MVC.csproj", "{2D980E7C-6B8B-4030-B568-8C3348EA6705}"
EndProject
Project("{2150E333-8FDC-42A3-9474-1A3956D46DE8}") = "Core", "Core", "{AB4BC42F-2F9E-4D89-B5E2-40B0915FB8EA}"
EndProject
Project("{9A19103F-16F7-4668-BE54-9A1E7A4F7556}") = "NSE.Core", "src\building blocks\NSE.Core\NSE.Core.csproj", "{7170F85F-C500-4776-9D15-345659207F58}"
EndProject
Project("{2150E333-8FDC-42A3-9474-1A3956D46DE8}") = "Carrinho", "Carrinho", "{1ADBB357-CF04-4BDD-923A-7C911B443BA7}"
EndProject
Project("{2150E333-8FDC-42A3-9474-1A3956D46DE8}") = "Catalogo", "Catalogo", "{A13A6AB5-46D3-48D6-B8AF-90BABB6C66B3}"
EndProject
Project("{2150E333-8FDC-42A3-9474-1A3956D46DE8}") = "Cliente", "Cliente", "{2449BCF2-75A6-4577-968B-52927F46D6E3}"
EndProject
Project("{2150E333-8FDC-42A3-9474-1A3956D46DE8}") = "Pagamento", "Pagamento", "{37AB3B2F-940C-4E3E-A339-94A4330D01D3}"
EndProject
Project("{2150E333-8FDC-42A3-9474-1A3956D46DE8}") = "Pedido", "Pedido", "{989FAD65-78D6-41AF-BA44-291CF4E33257}"
EndProject
Project("{9A19103F-16F7-4668-BE54-9A1E7A4F7556}") = "NSE.Carrinho.API", "src\services\NSE.Carrinho.API\NSE.Carrinho.API.csproj", "{A1B2E933-9B0C-4823-99B3-D88C82A0C45A}"
EndProject
Project("{9A19103F-16F7-4668-BE54-9A1E7A4F7556}") = "NSE.Catalogo.API", "src\services\NSE.Catalogo.API\NSE.Catalogo.API.csproj", "{10E11C81-039B-4319-A888-40AB62C01172}"
EndProject
Project("{9A19103F-16F7-4668-BE54-9A1E7A4F7556}") = "NSE.Cliente.API", "src\services\NSE.Cliente.API\NSE.Cliente.API.csproj", "{432F3B80-3B7B-49FC-B433-62BEEAAD7D3C}"
EndProject
Project("{9A19103F-16F7-4668-BE54-9A1E7A4F7556}") = "NSE.Pagamento.API", "src\services\NSE.Pagamento.API\NSE.Pagamento.API.csproj", "{F4E7487E-4089-49FA-BCE9-F99BA781D7A1}"
EndProject
Project("{9A19103F-16F7-4668-BE54-9A1E7A4F7556}") = "NSE.Pedido.API", "src\services\NSE.Pedido.API\NSE.Pedido.API.csproj", "{799FD74D-D3F3-4345-B1E3-8203914DEA41}"
EndProject
Global
	GlobalSection(SolutionConfigurationPlatforms) = preSolution
		Debug|Any CPU = Debug|Any CPU
		Release|Any CPU = Release|Any CPU
	EndGlobalSection
	GlobalSection(ProjectConfigurationPlatforms) = postSolution
		{246D57FB-CFE7-4486-AED1-1B9A9576CF3D}.Debug|Any CPU.ActiveCfg = Debug|Any CPU
		{246D57FB-CFE7-4486-AED1-1B9A9576CF3D}.Debug|Any CPU.Build.0 = Debug|Any CPU
		{246D57FB-CFE7-4486-AED1-1B9A9576CF3D}.Release|Any CPU.ActiveCfg = Release|Any CPU
		{246D57FB-CFE7-4486-AED1-1B9A9576CF3D}.Release|Any CPU.Build.0 = Release|Any CPU
		{2D980E7C-6B8B-4030-B568-8C3348EA6705}.Debug|Any CPU.ActiveCfg = Debug|Any CPU
		{2D980E7C-6B8B-4030-B568-8C3348EA6705}.Debug|Any CPU.Build.0 = Debug|Any CPU
		{2D980E7C-6B8B-4030-B568-8C3348EA6705}.Release|Any CPU.ActiveCfg = Release|Any CPU
		{2D980E7C-6B8B-4030-B568-8C3348EA6705}.Release|Any CPU.Build.0 = Release|Any CPU
		{7170F85F-C500-4776-9D15-345659207F58}.Debug|Any CPU.ActiveCfg = Debug|Any CPU
		{7170F85F-C500-4776-9D15-345659207F58}.Debug|Any CPU.Build.0 = Debug|Any CPU
		{7170F85F-C500-4776-9D15-345659207F58}.Release|Any CPU.ActiveCfg = Release|Any CPU
		{7170F85F-C500-4776-9D15-345659207F58}.Release|Any CPU.Build.0 = Release|Any CPU
		{A1B2E933-9B0C-4823-99B3-D88C82A0C45A}.Debug|Any CPU.ActiveCfg = Debug|Any CPU
		{A1B2E933-9B0C-4823-99B3-D88C82A0C45A}.Debug|Any CPU.Build.0 = Debug|Any CPU
		{A1B2E933-9B0C-4823-99B3-D88C82A0C45A}.Release|Any CPU.ActiveCfg = Release|Any CPU
		{A1B2E933-9B0C-4823-99B3-D88C82A0C45A}.Release|Any CPU.Build.0 = Release|Any CPU
		{10E11C81-039B-4319-A888-40AB62C01172}.Debug|Any CPU.ActiveCfg = Debug|Any CPU
		{10E11C81-039B-4319-A888-40AB62C01172}.Debug|Any CPU.Build.0 = Debug|Any CPU
		{10E11C81-039B-4319-A888-40AB62C01172}.Release|Any CPU.ActiveCfg = Release|Any CPU
		{10E11C81-039B-4319-A888-40AB62C01172}.Release|Any CPU.Build.0 = Release|Any CPU
		{432F3B80-3B7B-49FC-B433-62BEEAAD7D3C}.Debug|Any CPU.ActiveCfg = Debug|Any CPU
		{432F3B80-3B7B-49FC-B433-62BEEAAD7D3C}.Debug|Any CPU.Build.0 = Debug|Any CPU
		{432F3B80-3B7B-49FC-B433-62BEEAAD7D3C}.Release|Any CPU.ActiveCfg = Release|Any CPU
		{432F3B80-3B7B-49FC-B433-62BEEAAD7D3C}.Release|Any CPU.Build.0 = Release|Any CPU
		{F4E7487E-4089-49FA-BCE9-F99BA781D7A1}.Debug|Any CPU.ActiveCfg = Debug|Any CPU
		{F4E7487E-4089-49FA-BCE9-F99BA781D7A1}.Debug|Any CPU.Build.0 = Debug|Any CPU
		{F4E7487E-4089-49FA-BCE9-F99BA781D7A1}.Release|Any CPU.ActiveCfg = Release|Any CPU
		{F4E7487E-4089-49FA-BCE9-F99BA781D7A1}.Release|Any CPU.Build.0 = Release|Any CPU
		{799FD74D-D3F3-4345-B1E3-8203914DEA41}.Debug|Any CPU.ActiveCfg = Debug|Any CPU
		{799FD74D-D3F3-4345-B1E3-8203914DEA41}.Debug|Any CPU.Build.0 = Debug|Any CPU
		{799FD74D-D3F3-4345-B1E3-8203914DEA41}.Release|Any CPU.ActiveCfg = Release|Any CPU
		{799FD74D-D3F3-4345-B1E3-8203914DEA41}.Release|Any CPU.Build.0 = Release|Any CPU
	EndGlobalSection
	GlobalSection(SolutionProperties) = preSolution
		HideSolutionNode = FALSE
	EndGlobalSection
	GlobalSection(NestedProjects) = preSolution
		{D683F8C7-8F68-4F94-A846-F85CE0507C0F} = {B470E17B-E622-4AF2-AA43-1643411A6545}
		{E9CEC495-5896-46DA-9228-719AF55AD040} = {B470E17B-E622-4AF2-AA43-1643411A6545}
		{5112B5C0-33C2-46CC-BCDF-7A40A66D9016} = {B470E17B-E622-4AF2-AA43-1643411A6545}
		{B0B46047-6D2E-4DD3-9B0A-DDF103F6BBEB} = {E9CEC495-5896-46DA-9228-719AF55AD040}
		{246D57FB-CFE7-4486-AED1-1B9A9576CF3D} = {B0B46047-6D2E-4DD3-9B0A-DDF103F6BBEB}
		{CF5C4354-3995-45E8-B264-2D8EC42E3893} = {5112B5C0-33C2-46CC-BCDF-7A40A66D9016}
		{2D980E7C-6B8B-4030-B568-8C3348EA6705} = {CF5C4354-3995-45E8-B264-2D8EC42E3893}
		{AB4BC42F-2F9E-4D89-B5E2-40B0915FB8EA} = {D683F8C7-8F68-4F94-A846-F85CE0507C0F}
		{7170F85F-C500-4776-9D15-345659207F58} = {AB4BC42F-2F9E-4D89-B5E2-40B0915FB8EA}
		{1ADBB357-CF04-4BDD-923A-7C911B443BA7} = {E9CEC495-5896-46DA-9228-719AF55AD040}
		{A13A6AB5-46D3-48D6-B8AF-90BABB6C66B3} = {E9CEC495-5896-46DA-9228-719AF55AD040}
		{2449BCF2-75A6-4577-968B-52927F46D6E3} = {E9CEC495-5896-46DA-9228-719AF55AD040}
		{37AB3B2F-940C-4E3E-A339-94A4330D01D3} = {E9CEC495-5896-46DA-9228-719AF55AD040}
		{989FAD65-78D6-41AF-BA44-291CF4E33257} = {E9CEC495-5896-46DA-9228-719AF55AD040}
		{A1B2E933-9B0C-4823-99B3-D88C82A0C45A} = {1ADBB357-CF04-4BDD-923A-7C911B443BA7}
		{10E11C81-039B-4319-A888-40AB62C01172} = {A13A6AB5-46D3-48D6-B8AF-90BABB6C66B3}
		{432F3B80-3B7B-49FC-B433-62BEEAAD7D3C} = {2449BCF2-75A6-4577-968B-52927F46D6E3}
		{F4E7487E-4089-49FA-BCE9-F99BA781D7A1} = {37AB3B2F-940C-4E3E-A339-94A4330D01D3}
		{799FD74D-D3F3-4345-B1E3-8203914DEA41} = {989FAD65-78D6-41AF-BA44-291CF4E33257}
	EndGlobalSection
	GlobalSection(ExtensibilityGlobals) = postSolution
		SolutionGuid = {5ED286C1-C4C8-428A-AF30-DDB543FB32B1}
	EndGlobalSection
EndGlobal
